{
  "sources": {
    "secure-server": {
      "path": "."
    },
    "openssh": {
      "locked_version": "1.3.1",
      "git": "git@github.com:AndreyChernyh/openssh.git",
      "ref": "ee011fdda086547c876bceff79f63d751d0893b9"
    },
    "firewall": {
      "locked_version": "0.11.2"
    },
    "fail2ban": {
      "locked_version": "2.0.0"
    },
    "minitest-handler": {
      "locked_version": "1.1.0"
    },
    "iptables": {
      "locked_version": "0.12.0"
    },
    "yum": {
      "locked_version": "2.3.0"
    },
    "chef_handler": {
      "locked_version": "1.1.4"
    }
  }
}
